
Microsoft Visual Studio Solution File, Format Version 12.00
Project("{FAE04EC0-301F-11D3-BF4B-00C04F79EFBC}") = "CareerGuidance.Domain", "CareerGuidance.Domain\CareerGuidance.Domain.csproj", "{06D4D9CD-5369-4DF6-BBA2-DECB10229FE4}"
EndProject
Project("{FAE04EC0-301F-11D3-BF4B-00C04F79EFBC}") = "CareerGuidance.Repository", "CareerGuidance.Repository\CareerGuidance.Repository.csproj", "{EC000732-2F6B-4879-9EC4-B60D7A47E0F7}"
EndProject
Project("{FAE04EC0-301F-11D3-BF4B-00C04F79EFBC}") = "CareerGuidance.View", "CareerGuidance.View\CareerGuidance.View.csproj", "{BFA09D3C-8FC5-40D5-9852-433263B99974}"
EndProject
Global
	GlobalSection(SolutionConfigurationPlatforms) = preSolution
		Debug|Any CPU = Debug|Any CPU
		Release|Any CPU = Release|Any CPU
	EndGlobalSection
	GlobalSection(ProjectConfigurationPlatforms) = postSolution
		{06D4D9CD-5369-4DF6-BBA2-DECB10229FE4}.Debug|Any CPU.ActiveCfg = Debug|Any CPU
		{06D4D9CD-5369-4DF6-BBA2-DECB10229FE4}.Debug|Any CPU.Build.0 = Debug|Any CPU
		{06D4D9CD-5369-4DF6-BBA2-DECB10229FE4}.Release|Any CPU.ActiveCfg = Release|Any CPU
		{06D4D9CD-5369-4DF6-BBA2-DECB10229FE4}.Release|Any CPU.Build.0 = Release|Any CPU
		{EC000732-2F6B-4879-9EC4-B60D7A47E0F7}.Debug|Any CPU.ActiveCfg = Debug|Any CPU
		{EC000732-2F6B-4879-9EC4-B60D7A47E0F7}.Debug|Any CPU.Build.0 = Debug|Any CPU
		{EC000732-2F6B-4879-9EC4-B60D7A47E0F7}.Release|Any CPU.ActiveCfg = Release|Any CPU
		{EC000732-2F6B-4879-9EC4-B60D7A47E0F7}.Release|Any CPU.Build.0 = Release|Any CPU
		{BFA09D3C-8FC5-40D5-9852-433263B99974}.Debug|Any CPU.ActiveCfg = Debug|Any CPU
		{BFA09D3C-8FC5-40D5-9852-433263B99974}.Debug|Any CPU.Build.0 = Debug|Any CPU
		{BFA09D3C-8FC5-40D5-9852-433263B99974}.Release|Any CPU.ActiveCfg = Release|Any CPU
		{BFA09D3C-8FC5-40D5-9852-433263B99974}.Release|Any CPU.Build.0 = Release|Any CPU
	EndGlobalSection
EndGlobal
